
Microsoft Visual Studio Solution File, Format Version 12.00
# Visual Studio Version 17
VisualStudioVersion = 17.14.37614.0 d17.14
MinimumVisualStudioVersion = 10.0.40219.1
Project("{FAE04EC0-301F-11D3-BF4B-00C04F79EFBC}") = "PngToJpegConverter", "PngToJpegConverter.csproj", "{78B039EC-A824-018D-98D1-6FA948E7E2E4}"
EndProject
Global
	GlobalSection(SolutionConfigurationPlatforms) = preSolution
		Debug|Any CPU = Debug|Any CPU
		Release|Any CPU = Release|Any CPU
	EndGlobalSection
	GlobalSection(ProjectConfigurationPlatforms) = postSolution
		{78B039EC-A824-018D-98D1-6FA948E7E2E4}.Debug|Any CPU.ActiveCfg = Debug|Any CPU
		{78B039EC-A824-018D-98D1-6FA948E7E2E4}.Debug|Any CPU.Build.0 = Debug|Any CPU
		{78B039EC-A824-018D-98D1-6FA948E7E2E4}.Release|Any CPU.ActiveCfg = Release|Any CPU
		{78B039EC-A824-018D-98D1-6FA948E7E2E4}.Release|Any CPU.Build.0 = Release|Any CPU
	EndGlobalSection
	GlobalSection(SolutionProperties) = preSolution
		HideSolutionNode = FALSE
	EndGlobalSection
	GlobalSection(ExtensibilityGlobals) = postSolution
		SolutionGuid = {20866E52-4BA1-4E6A-A672-CE5BED09F38D}
	EndGlobalSection
EndGlobal
